
Microsoft Visual Studio Solution File, Format Version 12.00
# Visual Studio Version 16
VisualStudioVersion = 16.0.29306.81
MinimumVisualStudioVersion = 10.0.40219.1
Project("{FAE04EC0-301F-11D3-BF4B-00C04F79EFBC}") = "kostroEugenStatickeVarijable2", "kostroEugenStatickeVarijable2\kostroEugenStatickeVarijable2.csproj", "{DE9A35EF-8491-4A5B-80F4-BA9B18FBAB38}"
EndProject
Global
	GlobalSection(SolutionConfigurationPlatforms) = preSolution
		Debug|Any CPU = Debug|Any CPU
		Release|Any CPU = Release|Any CPU
	EndGlobalSection
	GlobalSection(ProjectConfigurationPlatforms) = postSolution
		{DE9A35EF-8491-4A5B-80F4-BA9B18FBAB38}.Debug|Any CPU.ActiveCfg = Debug|Any CPU
		{DE9A35EF-8491-4A5B-80F4-BA9B18FBAB38}.Debug|Any CPU.Build.0 = Debug|Any CPU
		{DE9A35EF-8491-4A5B-80F4-BA9B18FBAB38}.Release|Any CPU.ActiveCfg = Release|Any CPU
		{DE9A35EF-8491-4A5B-80F4-BA9B18FBAB38}.Release|Any CPU.Build.0 = Release|Any CPU
	EndGlobalSection
	GlobalSection(SolutionProperties) = preSolution
		HideSolutionNode = FALSE
	EndGlobalSection
	GlobalSection(ExtensibilityGlobals) = postSolution
		SolutionGuid = {CC4A59EB-8C40-4E7E-A1BA-5199D45EC0C4}
	EndGlobalSection
EndGlobal
